// !$*UTF8*$!
{
	archiveVersion = 1;
	classes = {
	};
	objectVersion = 55;
	objects = {

/* Begin PBXBuildFile section */
		BBDED69E276D0FF70045DF4A /* AppDelegate.swift in Sources */ = {isa = PBXBuildFile; fileRef = BBDED69D276D0FF70045DF4A /* AppDelegate.swift */; };
		BBDED6A0276D0FF70045DF4A /* SceneDelegate.swift in Sources */ = {isa = PBXBuildFile; fileRef = BBDED69F276D0FF70045DF4A /* SceneDelegate.swift */; };
		BBDED6A2276D0FF70045DF4A /* ViewController.swift in Sources */ = {isa = PBXBuildFile; fileRef = BBDED6A1276D0FF70045DF4A /* ViewController.swift */; };
		BBDED6A5276D0FF70045DF4A /* Main.storyboard in Resources */ = {isa = PBXBuildFile; fileRef = BBDED6A3276D0FF70045DF4A /* Main.storyboard */; };
		BBDED6A8276D0FF70045DF4A /* GitHubTest.xcdatamodeld in Sources */ = {isa = PBXBuildFile; fileRef = BBDED6A6276D0FF70045DF4A /* GitHubTest.xcdatamodeld */; };
		BBDED6AA276D0FF90045DF4A /* Assets.xcassets in Resources */ = {isa = PBXBuildFile; fileRef = BBDED6A9276D0FF90045DF4A /* Assets.xcassets */; };
		BBDED6AD276D0FF90045DF4A /* LaunchScreen.storyboard in Resources */ = {isa = PBXBuildFile; fileRef = BBDED6AB276D0FF90045DF4A /* LaunchScreen.storyboard */; };
		BBDED6B8276D0FFA0045DF4A /* GitHubTestTests.swift in Sources */ = {isa = PBXBuildFile; fileRef = BBDED6B7276D0FFA0045DF4A /* GitHubTestTests.swift */; };
		BBDED6C2276D0FFA0045DF4A /* GitHubTestUITests.swift in Sources */ = {isa = PBXBuildFile; fileRef = BBDED6C1276D0FFA0045DF4A /* GitHubTestUITests.swift */; };
		BBDED6C4276D0FFA0045DF4A /* GitHubTestUITestsLaunchTests.swift in Sources */ = {isa = PBXBuildFile; fileRef = BBDED6C3276D0FFA0045DF4A /* GitHubTestUITestsLaunchTests.swift */; };
/* End PBXBuildFile section */

/* Begin PBXContainerItemProxy section */
		BBDED6B4276D0FFA0045DF4A /* PBXContainerItemProxy */ = {
			isa = PBXContainerItemProxy;
			containerPortal = BBDED692276D0FF70045DF4A /* Project object */;
			proxyType = 1;
			remoteGlobalIDString = BBDED699276D0FF70045DF4A;
			remoteInfo = GitHubTest;
		};
		BBDED6BE276D0FFA0045DF4A /* PBXContainerItemProxy */ = {
			isa = PBXContainerItemProxy;
			containerPortal = BBDED692276D0FF70045DF4A /* Project object */;
			proxyType = 1;
			remoteGlobalIDString = BBDED699276D0FF70045DF4A;
			remoteInfo = GitHubTest;
		};
/* End PBXContainerItemProxy section */

/* Begin PBXFileReference section */
		BBDED69A276D0FF70045DF4A /* GitHubTest.app */ = {isa = PBXFileReference; explicitFileType = wrapper.application; includeInIndex = 0; path = GitHubTest.app; sourceTree = BUILT_PRODUCTS_DIR; };
		BBDED69D276D0FF70045DF4A /* AppDelegate.swift */ = {isa = PBXFileReference; lastKnownFileType = sourcecode.swift; path = AppDelegate.swift; sourceTree = "<group>"; };
		BBDED69F276D0FF70045DF4A /* SceneDelegate.swift */ = {isa = PBXFileReference; lastKnownFileType = sourcecode.swift; path = SceneDelegate.swift; sourceTree = "<group>"; };
		BBDED6A1276D0FF70045DF4A /* ViewController.swift */ = {isa = PBXFileReference; lastKnownFileType = sourcecode.swift; path = ViewController.swift; sourceTree = "<group>"; };
		BBDED6A4276D0FF70045DF4A /* Base */ = {isa = PBXFileReference; lastKnownFileType = file.storyboard; name = Base; path = Base.lproj/Main.storyboard; sourceTree = "<group>"; };
		BBDED6A7276D0FF70045DF4A /* GitHubTest.xcdatamodel */ = {isa = PBXFileReference; lastKnownFileType = wrapper.xcdatamodel; path = GitHubTest.xcdatamodel; sourceTree = "<group>"; };
		BBDED6A9276D0FF90045DF4A /* Assets.xcassets */ = {isa = PBXFileReference; lastKnownFileType = folder.assetcatalog; path = Assets.xcassets; sourceTree = "<group>"; };
		BBDED6AC276D0FF90045DF4A /* Base */ = {isa = PBXFileReference; lastKnownFileType = file.storyboard; name = Base; path = Base.lproj/LaunchScreen.storyboard; sourceTree = "<group>"; };
		BBDED6AE276D0FF90045DF4A /* Info.plist */ = {isa = PBXFileReference; lastKnownFileType = text.plist.xml; path = Info.plist; sourceTree = "<group>"; };
		BBDED6B3276D0FFA0045DF4A /* GitHubTestTests.xctest */ = {isa = PBXFileReference; explicitFileType = wrapper.cfbundle; includeInIndex = 0; path = GitHubTestTests.xctest; sourceTree = BUILT_PRODUCTS_DIR; };
		BBDED6B7276D0FFA0045DF4A /* GitHubTestTests.swift */ = {isa = PBXFileReference; lastKnownFileType = sourcecode.swift; path = GitHubTestTests.swift; sourceTree = "<group>"; };
		BBDED6BD276D0FFA0045DF4A /* GitHubTestUITests.xctest */ = {isa = PBXFileReference; explicitFileType = wrapper.cfbundle; includeInIndex = 0; path = GitHubTestUITests.xctest; sourceTree = BUILT_PRODUCTS_DIR; };
		BBDED6C1276D0FFA0045DF4A /* GitHubTestUITests.swift */ = {isa = PBXFileReference; lastKnownFileType = sourcecode.swift; path = GitHubTestUITests.swift; sourceTree = "<group>"; };
		BBDED6C3276D0FFA0045DF4A /* GitHubTestUITestsLaunchTests.swift */ = {isa = PBXFileReference; lastKnownFileType = sourcecode.swift; path = GitHubTestUITestsLaunchTests.swift; sourceTree = "<group>"; };
/* End PBXFileReference section */

/* Begin PBXFrameworksBuildPhase section */
		BBDED697276D0FF70045DF4A /* Frameworks */ = {
			isa = PBXFrameworksBuildPhase;
			buildActionMask = 2147483647;
			files = (
			);
			runOnlyForDeploymentPostprocessing = 0;
		};
		BBDED6B0276D0FFA0045DF4A /* Frameworks */ = {
			isa = PBXFrameworksBuildPhase;
			buildActionMask = 2147483647;
			files = (
			);
			runOnlyForDeploymentPostprocessing = 0;
		};
		BBDED6BA276D0FFA0045DF4A /* Frameworks */ = {
			isa = PBXFrameworksBuildPhase;
			buildActionMask = 2147483647;
			files = (
			);
			runOnlyForDeploymentPostprocessing = 0;
		};
/* End PBXFrameworksBuildPhase section */

/* Begin PBXGroup section */
		BBDED691276D0FF70045DF4A = {
			isa = PBXGroup;
			children = (
				BBDED69C276D0FF70045DF4A /* GitHubTest */,
				BBDED6B6276D0FFA0045DF4A /* GitHubTestTests */,
				BBDED6C0276D0FFA0045DF4A /* GitHubTestUITests */,
				BBDED69B276D0FF70045DF4A /* Products */,
			);
			sourceTree = "<group>";
		};
		BBDED69B276D0FF70045DF4A /* Products */ = {
			isa = PBXGroup;
			children = (
				BBDED69A276D0FF70045DF4A /* GitHubTest.app */,
				BBDED6B3276D0FFA0045DF4A /* GitHubTestTests.xctest */,
				BBDED6BD276D0FFA0045DF4A /* GitHubTestUITests.xctest */,
			);
			name = Products;
			sourceTree = "<group>";
		};
		BBDED69C276D0FF70045DF4A /* GitHubTest */ = {
			isa = PBXGroup;
			children = (
				BBDED69D276D0FF70045DF4A /* AppDelegate.swift */,
				BBDED69F276D0FF70045DF4A /* SceneDelegate.swift */,
				BBDED6A1276D0FF70045DF4A /* ViewController.swift */,
				BBDED6A3276D0FF70045DF4A /* Main.storyboard */,
				BBDED6A9276D0FF90045DF4A /* Assets.xcassets */,
				BBDED6AB276D0FF90045DF4A /* LaunchScreen.storyboard */,
				BBDED6AE276D0FF90045DF4A /* Info.plist */,
				BBDED6A6276D0FF70045DF4A /* GitHubTest.xcdatamodeld */,
			);
			path = GitHubTest;
			sourceTree = "<group>";
		};
		BBDED6B6276D0FFA0045DF4A /* GitHubTestTests */ = {
			isa = PBXGroup;
			children = (
				BBDED6B7276D0FFA0045DF4A /* GitHubTestTests.swift */,
			);
			path = GitHubTestTests;
			sourceTree = "<group>";
		};
		BBDED6C0276D0FFA0045DF4A /* GitHubTestUITests */ = {
			isa = PBXGroup;
			children = (
				BBDED6C1276D0FFA0045DF4A /* GitHubTestUITests.swift */,
				BBDED6C3276D0FFA0045DF4A /* GitHubTestUITestsLaunchTests.swift */,
			);
			path = GitHubTestUITests;
			sourceTree = "<group>";
		};
/* End PBXGroup section */

/* Begin PBXNativeTarget section */
		BBDED699276D0FF70045DF4A /* GitHubTest */ = {
			isa = PBXNativeTarget;
			buildConfigurationList = BBDED6C7276D0FFA0045DF4A /* Build configuration list for PBXNativeTarget "GitHubTest" */;
			buildPhases = (
				BBDED696276D0FF70045DF4A /* Sources */,
				BBDED697276D0FF70045DF4A /* Frameworks */,
				BBDED698276D0FF70045DF4A /* Resources */,
			);
			buildRules = (
			);
			dependencies = (
			);
			name = GitHubTest;
			productName = GitHubTest;
			productReference = BBDED69A276D0FF70045DF4A /* GitHubTest.app */;
			productType = "com.apple.product-type.application";
		};
		BBDED6B2276D0FFA0045DF4A /* GitHubTestTests */ = {
			isa = PBXNativeTarget;
			buildConfigurationList = BBDED6CA276D0FFA0045DF4A /* Build configuration list for PBXNativeTarget "GitHubTestTests" */;
			buildPhases = (
				BBDED6AF276D0FFA0045DF4A /* Sources */,
				BBDED6B0276D0FFA0045DF4A /* Frameworks */,
				BBDED6B1276D0FFA0045DF4A /* Resources */,
			);
			buildRules = (
			);
			dependencies = (
				BBDED6B5276D0FFA0045DF4A /* PBXTargetDependency */,
			);
			name = GitHubTestTests;
			productName = GitHubTestTests;
			productReference = BBDED6B3276D0FFA0045DF4A /* GitHubTestTests.xctest */;
			productType = "com.apple.product-type.bundle.unit-test";
		};
		BBDED6BC276D0FFA0045DF4A /* GitHubTestUITests */ = {
			isa = PBXNativeTarget;
			buildConfigurationList = BBDED6CD276D0FFA0045DF4A /* Build configuration list for PBXNativeTarget "GitHubTestUITests" */;
			buildPhases = (
				BBDED6B9276D0FFA0045DF4A /* Sources */,
				BBDED6BA276D0FFA0045DF4A /* Frameworks */,
				BBDED6BB276D0FFA0045DF4A /* Resources */,
			);
			buildRules = (
			);
			dependencies = (
				BBDED6BF276D0FFA0045DF4A /* PBXTargetDependency */,
			);
			name = GitHubTestUITests;
			productName = GitHubTestUITests;
			productReference = BBDED6BD276D0FFA0045DF4A /* GitHubTestUITests.xctest */;
			productType = "com.apple.product-type.bundle.ui-testing";
		};
/* End PBXNativeTarget section */

/* Begin PBXProject section */
		BBDED692276D0FF70045DF4A /* Project object */ = {
			isa = PBXProject;
			attributes = {
				BuildIndependentTargetsInParallel = 1;
				LastSwiftUpdateCheck = 1310;
				LastUpgradeCheck = 1310;
				TargetAttributes = {
					BBDED699276D0FF70045DF4A = {
						CreatedOnToolsVersion = 13.1;
					};
					BBDED6B2276D0FFA0045DF4A = {
						CreatedOnToolsVersion = 13.1;
						TestTargetID = BBDED699276D0FF70045DF4A;
					};
					BBDED6BC276D0FFA0045DF4A = {
						CreatedOnToolsVersion = 13.1;
						TestTargetID = BBDED699276D0FF70045DF4A;
					};
				};
			};
			buildConfigurationList = BBDED695276D0FF70045DF4A /* Build configuration list for PBXProject "GitHubTest" */;
			compatibilityVersion = "Xcode 13.0";
			developmentRegion = en;
			hasScannedForEncodings = 0;
			knownRegions = (
				en,
				Base,
			);
			mainGroup = BBDED691276D0FF70045DF4A;
			productRefGroup = BBDED69B276D0FF70045DF4A /* Products */;
			projectDirPath = "";
			projectRoot = "";
			targets = (
				BBDED699276D0FF70045DF4A /* GitHubTest */,
				BBDED6B2276D0FFA0045DF4A /* GitHubTestTests */,
				BBDED6BC276D0FFA0045DF4A /* GitHubTestUITests */,
			);
		};
/* End PBXProject section */

/* Begin PBXResourcesBuildPhase section */
		BBDED698276D0FF70045DF4A /* Resources */ = {
			isa = PBXResourcesBuildPhase;
			buildActionMask = 2147483647;
			files = (
				BBDED6AD276D0FF90045DF4A /* LaunchScreen.storyboard in Resources */,
				BBDED6AA276D0FF90045DF4A /* Assets.xcassets in Resources */,
				BBDED6A5276D0FF70045DF4A /* Main.storyboard in Resources */,
			);
			runOnlyForDeploymentPostprocessing = 0;
		};
		BBDED6B1276D0FFA0045DF4A /* Resources */ = {
			isa = PBXResourcesBuildPhase;
			buildActionMask = 2147483647;
			files = (
			);
			runOnlyForDeploymentPostprocessing = 0;
		};
		BBDED6BB276D0FFA0045DF4A /* Resources */ = {
			isa = PBXResourcesBuildPhase;
			buildActionMask = 2147483647;
			files = (
			);
			runOnlyForDeploymentPostprocessing = 0;
		};
/* End PBXResourcesBuildPhase section */

/* Begin PBXSourcesBuildPhase section */
		BBDED696276D0FF70045DF4A /* Sources */ = {
			isa = PBXSourcesBuildPhase;
			buildActionMask = 2147483647;
			files = (
				BBDED6A2276D0FF70045DF4A /* ViewController.swift in Sources */,
				BBDED69E276D0FF70045DF4A /* AppDelegate.swift in Sources */,
				BBDED6A8276D0FF70045DF4A /* GitHubTest.xcdatamodeld in Sources */,
				BBDED6A0276D0FF70045DF4A /* SceneDelegate.swift in Sources */,
			);
			runOnlyForDeploymentPostprocessing = 0;
		};
		BBDED6AF276D0FFA0045DF4A /* Sources */ = {
			isa = PBXSourcesBuildPhase;
			buildActionMask = 2147483647;
			files = (
				BBDED6B8276D0FFA0045DF4A /* GitHubTestTests.swift in Sources */,
			);
			runOnlyForDeploymentPostprocessing = 0;
		};
		BBDED6B9276D0FFA0045DF4A /* Sources */ = {
			isa = PBXSourcesBuildPhase;
			buildActionMask = 2147483647;
			files = (
				BBDED6C2276D0FFA0045DF4A /* GitHubTestUITests.swift in Sources */,
				BBDED6C4276D0FFA0045DF4A /* GitHubTestUITestsLaunchTests.swift in Sources */,
			);
			runOnlyForDeploymentPostprocessing = 0;
		};
/* End PBXSourcesBuildPhase section */

/* Begin PBXTargetDependency section */
		BBDED6B5276D0FFA0045DF4A /* PBXTargetDependency */ = {
			isa = PBXTargetDependency;
			target = BBDED699276D0FF70045DF4A /* GitHubTest */;
			targetProxy = BBDED6B4276D0FFA0045DF4A /* PBXContainerItemProxy */;
		};
		BBDED6BF276D0FFA0045DF4A /* PBXTargetDependency */ = {
			isa = PBXTargetDependency;
			target = BBDED699276D0FF70045DF4A /* GitHubTest */;
			targetProxy = BBDED6BE276D0FFA0045DF4A /* PBXContainerItemProxy */;
		};
/* End PBXTargetDependency section */

/* Begin PBXVariantGroup section */
		BBDED6A3276D0FF70045DF4A /* Main.storyboard */ = {
			isa = PBXVariantGroup;
			children = (
				BBDED6A4276D0FF70045DF4A /* Base */,
			);
			name = Main.storyboard;
			sourceTree = "<group>";
		};
		BBDED6AB276D0FF90045DF4A /* LaunchScreen.storyboard */ = {
			isa = PBXVariantGroup;
			children = (
				BBDED6AC276D0FF90045DF4A /* Base */,
			);
			name = LaunchScreen.storyboard;
			sourceTree = "<group>";
		};
/* End PBXVariantGroup section */

/* Begin XCBuildConfiguration section */
		BBDED6C5276D0FFA0045DF4A /* Debug */ = {
			isa = XCBuildConfiguration;
			buildSettings = {
				ALWAYS_SEARCH_USER_PATHS = NO;
				CLANG_ANALYZER_NONNULL = YES;
				CLANG_ANALYZER_NUMBER_OBJECT_CONVERSION = YES_AGGRESSIVE;
				CLANG_CXX_LANGUAGE_STANDARD = "gnu++17";
				CLANG_CXX_LIBRARY = "libc++";
				CLANG_ENABLE_MODULES = YES;
				CLANG_ENABLE_OBJC_ARC = YES;
				CLANG_ENABLE_OBJC_WEAK = YES;
				CLANG_WARN_BLOCK_CAPTURE_AUTORELEASING = YES;
				CLANG_WARN_BOOL_CONVERSION = YES;
				CLANG_WARN_COMMA = YES;
				CLANG_WARN_CONSTANT_CONVERSION = YES;
				CLANG_WARN_DEPRECATED_OBJC_IMPLEMENTATIONS = YES;
				CLANG_WARN_DIRECT_OBJC_ISA_USAGE = YES_ERROR;
				CLANG_WARN_DOCUMENTATION_COMMENTS = YES;
				CLANG_WARN_EMPTY_BODY = YES;
				CLANG_WARN_ENUM_CONVERSION = YES;
				CLANG_WARN_INFINITE_RECURSION = YES;
				CLANG_WARN_INT_CONVERSION = YES;
				CLANG_WARN_NON_LITERAL_NULL_CONVERSION = YES;
				CLANG_WARN_OBJC_IMPLICIT_RETAIN_SELF = YES;
				CLANG_WARN_OBJC_LITERAL_CONVERSION = YES;
				CLANG_WARN_OBJC_ROOT_CLASS = YES_ERROR;
				CLANG_WARN_QUOTED_INCLUDE_IN_FRAMEWORK_HEADER = YES;
				CLANG_WARN_RANGE_LOOP_ANALYSIS = YES;
				CLANG_WARN_STRICT_PROTOTYPES = YES;
				CLANG_WARN_SUSPICIOUS_MOVE = YES;
				CLANG_WARN_UNGUARDED_AVAILABILITY = YES_AGGRESSIVE;
				CLANG_WARN_UNREACHABLE_CODE = YES;
				CLANG_WARN__DUPLICATE_METHOD_MATCH = YES;
				COPY_PHASE_STRIP = NO;
				DEBUG_INFORMATION_FORMAT = dwarf;
				ENABLE_STRICT_OBJC_MSGSEND = YES;
				ENABLE_TESTABILITY = YES;
				GCC_C_LANGUAGE_STANDARD = gnu11;
				GCC_DYNAMIC_NO_PIC = NO;
				GCC_NO_COMMON_BLOCKS = YES;
				GCC_OPTIMIZATION_LEVEL = 0;
				GCC_PREPROCESSOR_DEFINITIONS = (
					"DEBUG=1",
					"$(inherited)",
				);
				GCC_WARN_64_TO_32_BIT_CONVERSION = YES;
				GCC_WARN_ABOUT_RETURN_TYPE = YES_ERROR;
				GCC_WARN_UNDECLARED_SELECTOR = YES;
				GCC_WARN_UNINITIALIZED_AUTOS = YES_AGGRESSIVE;
				GCC_WARN_UNUSED_FUNCTION = YES;
				GCC_WARN_UNUSED_VARIABLE = YES;
				IPHONEOS_DEPLOYMENT_TARGET = 15.0;
				MTL_ENABLE_DEBUG_INFO = INCLUDE_SOURCE;
				MTL_FAST_MATH = YES;
				ONLY_ACTIVE_ARCH = YES;
				SDKROOT = iphoneos;
				SWIFT_ACTIVE_COMPILATION_CONDITIONS = DEBUG;
				SWIFT_OPTIMIZATION_LEVEL = "-Onone";
			};
			name = Debug;
		};
		BBDED6C6276D0FFA0045DF4A /* Release */ = {
			isa = XCBuildConfiguration;
			buildSettings = {
				ALWAYS_SEARCH_USER_PATHS = NO;
				CLANG_ANALYZER_NONNULL = YES;
				CLANG_ANALYZER_NUMBER_OBJECT_CONVERSION = YES_AGGRESSIVE;
				CLANG_CXX_LANGUAGE_STANDARD = "gnu++17";
				CLANG_CXX_LIBRARY = "libc++";
				CLANG_ENABLE_MODULES = YES;
				CLANG_ENABLE_OBJC_ARC = YES;
				CLANG_ENABLE_OBJC_WEAK = YES;
				CLANG_WARN_BLOCK_CAPTURE_AUTORELEASING = YES;
				CLANG_WARN_BOOL_CONVERSION = YES;
				CLANG_WARN_COMMA = YES;
				CLANG_WARN_CONSTANT_CONVERSION = YES;
				CLANG_WARN_DEPRECATED_OBJC_IMPLEMENTATIONS = YES;
				CLANG_WARN_DIRECT_OBJC_ISA_USAGE = YES_ERROR;
				CLANG_WARN_DOCUMENTATION_COMMENTS = YES;
				CLANG_WARN_EMPTY_BODY = YES;
				CLANG_WARN_ENUM_CONVERSION = YES;
				CLANG_WARN_INFINITE_RECURSION = YES;
				CLANG_WARN_INT_CONVERSION = YES;
				CLANG_WARN_NON_LITERAL_NULL_CONVERSION = YES;
				CLANG_WARN_OBJC_IMPLICIT_RETAIN_SELF = YES;
				CLANG_WARN_OBJC_LITERAL_CONVERSION = YES;
				CLANG_WARN_OBJC_ROOT_CLASS = YES_ERROR;
				CLANG_WARN_QUOTED_INCLUDE_IN_FRAMEWORK_HEADER = YES;
				CLANG_WARN_RANGE_LOOP_ANALYSIS = YES;
				CLANG_WARN_STRICT_PROTOTYPES = YES;
				CLANG_WARN_SUSPICIOUS_MOVE = YES;
				CLANG_WARN_UNGUARDED_AVAILABILITY = YES_AGGRESSIVE;
				CLANG_WARN_UNREACHABLE_CODE = YES;
				CLANG_WARN__DUPLICATE_METHOD_MATCH = YES;
				COPY_PHASE_STRIP = NO;
				DEBUG_INFORMATION_FORMAT = "dwarf-with-dsym";
				ENABLE_NS_ASSERTIONS = NO;
				ENABLE_STRICT_OBJC_MSGSEND = YES;
				GCC_C_LANGUAGE_STANDARD = gnu11;
				GCC_NO_COMMON_BLOCKS = YES;
				GCC_WARN_64_TO_32_BIT_CONVERSION = YES;
				GCC_WARN_ABOUT_RETURN_TYPE = YES_ERROR;
				GCC_WARN_UNDECLARED_SELECTOR = YES;
				GCC_WARN_UNINITIALIZED_AUTOS = YES_AGGRESSIVE;
				GCC_WARN_UNUSED_FUNCTION = YES;
				GCC_WARN_UNUSED_VARIABLE = YES;
				IPHONEOS_DEPLOYMENT_TARGET = 15.0;
				MTL_ENABLE_DEBUG_INFO = NO;
				MTL_FAST_MATH = YES;
				SDKROOT = iphoneos;
				SWIFT_COMPILATION_MODE = wholemodule;
				SWIFT_OPTIMIZATION_LEVEL = "-O";
				VALIDATE_PRODUCT = YES;
			};
			name = Release;
		};
		BBDED6C8276D0FFA0045DF4A /* Debug */ = {
			isa = XCBuildConfiguration;
			buildSettings = {
				ASSETCATALOG_COMPILER_APPICON_NAME = AppIcon;
				ASSETCATALOG_COMPILER_GLOBAL_ACCENT_COLOR_NAME = AccentColor;
				CODE_SIGN_STYLE = Automatic;
				CURRENT_PROJECT_VERSION = 1;
				DEVELOPMENT_TEAM = LG654VLABZ;
				GENERATE_INFOPLIST_FILE = YES;
				INFOPLIST_FILE = GitHubTest/Info.plist;
				INFOPLIST_KEY_UIApplicationSupportsIndirectInputEvents = YES;
				INFOPLIST_KEY_UILaunchStoryboardName = LaunchScreen;
				INFOPLIST_KEY_UIMainStoryboardFile = Main;
				INFOPLIST_KEY_UISupportedInterfaceOrientations_iPad = "UIInterfaceOrientationPortrait UIInterfaceOrientationPortraitUpsideDown UIInterfaceOrientationLandscapeLeft UIInterfaceOrientationLandscapeRight";
				INFOPLIST_KEY_UISupportedInterfaceOrientations_iPhone = "UIInterfaceOrientationPortrait UIInterfaceOrientationLandscapeLeft UIInterfaceOrientationLandscapeRight";
				LD_RUNPATH_SEARCH_PATHS = (
					"$(inherited)",
					"@executable_path/Frameworks",
				);
				MARKETING_VERSION = 1.0;
				PRODUCT_BUNDLE_IDENTIFIER = "GLABBER-LAB.GitHubTest";
				PRODUCT_NAME = "$(TARGET_NAME)";
				SWIFT_EMIT_LOC_STRINGS = YES;
				SWIFT_VERSION = 5.0;
				TARGETED_DEVICE_FAMILY = "1,2";
			};
			name = Debug;
		};
		BBDED6C9276D0FFA0045DF4A /* Release */ = {
			isa = XCBuildConfiguration;
			buildSettings = {
				ASSETCATALOG_COMPILER_APPICON_NAME = AppIcon;
				ASSETCATALOG_COMPILER_GLOBAL_ACCENT_COLOR_NAME = AccentColor;
				CODE_SIGN_STYLE = Automatic;
				CURRENT_PROJECT_VERSION = 1;
				DEVELOPMENT_TEAM = LG654VLABZ;
				GENERATE_INFOPLIST_FILE = YES;
				INFOPLIST_FILE = GitHubTest/Info.plist;
				INFOPLIST_KEY_UIApplicationSupportsIndirectInputEvents = YES;
				INFOPLIST_KEY_UILaunchStoryboardName = LaunchScreen;
				INFOPLIST_KEY_UIMainStoryboardFile = Main;
				INFOPLIST_KEY_UISupportedInterfaceOrientations_iPad = "UIInterfaceOrientationPortrait UIInterfaceOrientationPortraitUpsideDown UIInterfaceOrientationLandscapeLeft UIInterfaceOrientationLandscapeRight";
				INFOPLIST_KEY_UISupportedInterfaceOrientations_iPhone = "UIInterfaceOrientationPortrait UIInterfaceOrientationLandscapeLeft UIInterfaceOrientationLandscapeRight";
				LD_RUNPATH_SEARCH_PATHS = (
					"$(inherited)",
					"@executable_path/Frameworks",
				);
				MARKETING_VERSION = 1.0;
				PRODUCT_BUNDLE_IDENTIFIER = "GLABBER-LAB.GitHubTest";
				PRODUCT_NAME = "$(TARGET_NAME)";
				SWIFT_EMIT_LOC_STRINGS = YES;
				SWIFT_VERSION = 5.0;
				TARGETED_DEVICE_FAMILY = "1,2";
			};
			name = Release;
		};
		BBDED6CB276D0FFA0045DF4A /* Debug */ = {
			isa = XCBuildConfiguration;
			buildSettings = {
				ALWAYS_EMBED_SWIFT_STANDARD_LIBRARIES = YES;
				BUNDLE_LOADER = "$(TEST_HOST)";
				CODE_SIGN_STYLE = Automatic;
				CURRENT_PROJECT_VERSION = 1;
				DEVELOPMENT_TEAM = LG654VLABZ;
				GENERATE_INFOPLIST_FILE = YES;
				IPHONEOS_DEPLOYMENT_TARGET = 15.0;
				LD_RUNPATH_SEARCH_PATHS = (
					"$(inherited)",
					"@executable_path/Frameworks",
					"@loader_path/Frameworks",
				);
				MARKETING_VERSION = 1.0;
				PRODUCT_BUNDLE_IDENTIFIER = "GLABBER-LAB.GitHubTestTests";
				PRODUCT_NAME = "$(TARGET_NAME)";
				SWIFT_EMIT_LOC_STRINGS = NO;
				SWIFT_VERSION = 5.0;
				TARGETED_DEVICE_FAMILY = "1,2";
				TEST_HOST = "$(BUILT_PRODUCTS_DIR)/GitHubTest.app/GitHubTest";
			};
			name = Debug;
		};
		BBDED6CC276D0FFA0045DF4A /* Release */ = {
			isa = XCBuildConfiguration;
			buildSettings = {
				ALWAYS_EMBED_SWIFT_STANDARD_LIBRARIES = YES;
				BUNDLE_LOADER = "$(TEST_HOST)";
				CODE_SIGN_STYLE = Automatic;
				CURRENT_PROJECT_VERSION = 1;
				DEVELOPMENT_TEAM = LG654VLABZ;
				GENERATE_INFOPLIST_FILE = YES;
				IPHONEOS_DEPLOYMENT_TARGET = 15.0;
				LD_RUNPATH_SEARCH_PATHS = (
					"$(inherited)",
					"@executable_path/Frameworks",
					"@loader_path/Frameworks",
				);
				MARKETING_VERSION = 1.0;
				PRODUCT_BUNDLE_IDENTIFIER = "GLABBER-LAB.GitHubTestTests";
				PRODUCT_NAME = "$(TARGET_NAME)";
				SWIFT_EMIT_LOC_STRINGS = NO;
				SWIFT_VERSION = 5.0;
				TARGETED_DEVICE_FAMILY = "1,2";
				TEST_HOST = "$(BUILT_PRODUCTS_DIR)/GitHubTest.app/GitHubTest";
			};
			name = Release;
		};
		BBDED6CE276D0FFA0045DF4A /* Debug */ = {
			isa = XCBuildConfiguration;
			buildSettings = {
				ALWAYS_EMBED_SWIFT_STANDARD_LIBRARIES = YES;
				CODE_SIGN_STYLE = Automatic;
				CURRENT_PROJECT_VERSION = 1;
				DEVELOPMENT_TEAM = LG654VLABZ;
				GENERATE_INFOPLIST_FILE = YES;
				LD_RUNPATH_SEARCH_PATHS = (
					"$(inherited)",
					"@executable_path/Frameworks",
					"@loader_path/Frameworks",
				);
				MARKETING_VERSION = 1.0;
				PRODUCT_BUNDLE_IDENTIFIER = "GLABBER-LAB.GitHubTestUITests";
				PRODUCT_NAME = "$(TARGET_NAME)";
				SWIFT_EMIT_LOC_STRINGS = NO;
				SWIFT_VERSION = 5.0;
				TARGETED_DEVICE_FAMILY = "1,2";
				TEST_TARGET_NAME = GitHubTest;
			};
			name = Debug;
		};
		BBDED6CF276D0FFA0045DF4A /* Release */ = {
			isa = XCBuildConfiguration;
			buildSettings = {
				ALWAYS_EMBED_SWIFT_STANDARD_LIBRARIES = YES;
				CODE_SIGN_STYLE = Automatic;
				CURRENT_PROJECT_VERSION = 1;
				DEVELOPMENT_TEAM = LG654VLABZ;
				GENERATE_INFOPLIST_FILE = YES;
				LD_RUNPATH_SEARCH_PATHS = (
					"$(inherited)",
					"@executable_path/Frameworks",
					"@loader_path/Frameworks",
				);
				MARKETING_VERSION = 1.0;
				PRODUCT_BUNDLE_IDENTIFIER = "GLABBER-LAB.GitHubTestUITests";
				PRODUCT_NAME = "$(TARGET_NAME)";
				SWIFT_EMIT_LOC_STRINGS = NO;
				SWIFT_VERSION = 5.0;
				TARGETED_DEVICE_FAMILY = "1,2";
				TEST_TARGET_NAME = GitHubTest;
			};
			name = Release;
		};
/* End XCBuildConfiguration section */

/* Begin XCConfigurationList section */
		BBDED695276D0FF70045DF4A /* Build configuration list for PBXProject "GitHubTest" */ = {
			isa = XCConfigurationList;
			buildConfigurations = (
				BBDED6C5276D0FFA0045DF4A /* Debug */,
				BBDED6C6276D0FFA0045DF4A /* Release */,
			);
			defaultConfigurationIsVisible = 0;
			defaultConfigurationName = Release;
		};
		BBDED6C7276D0FFA0045DF4A /* Build configuration list for PBXNativeTarget "GitHubTest" */ = {
			isa = XCConfigurationList;
			buildConfigurations = (
				BBDED6C8276D0FFA0045DF4A /* Debug */,
				BBDED6C9276D0FFA0045DF4A /* Release */,
			);
			defaultConfigurationIsVisible = 0;
			defaultConfigurationName = Release;
		};
		BBDED6CA276D0FFA0045DF4A /* Build configuration list for PBXNativeTarget "GitHubTestTests" */ = {
			isa = XCConfigurationList;
			buildConfigurations = (
				BBDED6CB276D0FFA0045DF4A /* Debug */,
				BBDED6CC276D0FFA0045DF4A /* Release */,
			);
			defaultConfigurationIsVisible = 0;
			defaultConfigurationName = Release;
		};
		BBDED6CD276D0FFA0045DF4A /* Build configuration list for PBXNativeTarget "GitHubTestUITests" */ = {
			isa = XCConfigurationList;
			buildConfigurations = (
				BBDED6CE276D0FFA0045DF4A /* Debug */,
				BBDED6CF276D0FFA0045DF4A /* Release */,
			);
			defaultConfigurationIsVisible = 0;
			defaultConfigurationName = Release;
		};
/* End XCConfigurationList section */

/* Begin XCVersionGroup section */
		BBDED6A6276D0FF70045DF4A /* GitHubTest.xcdatamodeld */ = {
			isa = XCVersionGroup;
			children = (
				BBDED6A7276D0FF70045DF4A /* GitHubTest.xcdatamodel */,
			);
			currentVersion = BBDED6A7276D0FF70045DF4A /* GitHubTest.xcdatamodel */;
			path = GitHubTest.xcdatamodeld;
			sourceTree = "<group>";
			versionGroupType = wrapper.xcdatamodel;
		};
/* End XCVersionGroup section */
	};
	rootObject = BBDED692276D0FF70045DF4A /* Project object */;
}
